
Microsoft Visual Studio Solution File, Format Version 12.00
# Visual Studio 15
VisualStudioVersion = 15.0.28010.2016
MinimumVisualStudioVersion = 10.0.40219.1
Project("{FAE04EC0-301F-11D3-BF4B-00C04F79EFBC}") = "GetAnswer.WebAPI", "GetAnswer.WebAPI.csproj", "{3885FFA7-4A4A-4623-B721-9467A9153F56}"
EndProject
Global
	GlobalSection(SolutionConfigurationPlatforms) = preSolution
		Debug|Any CPU = Debug|Any CPU
		Release|Any CPU = Release|Any CPU
	EndGlobalSection
	GlobalSection(ProjectConfigurationPlatforms) = postSolution
		{3885FFA7-4A4A-4623-B721-9467A9153F56}.Debug|Any CPU.ActiveCfg = Debug|Any CPU
		{3885FFA7-4A4A-4623-B721-9467A9153F56}.Debug|Any CPU.Build.0 = Debug|Any CPU
		{3885FFA7-4A4A-4623-B721-9467A9153F56}.Release|Any CPU.ActiveCfg = Release|Any CPU
		{3885FFA7-4A4A-4623-B721-9467A9153F56}.Release|Any CPU.Build.0 = Release|Any CPU
	EndGlobalSection
	GlobalSection(SolutionProperties) = preSolution
		HideSolutionNode = FALSE
	EndGlobalSection
	GlobalSection(ExtensibilityGlobals) = postSolution
		SolutionGuid = {11EA9C98-720E-4ACF-93A8-8A3B4EB96BC4}
	EndGlobalSection
EndGlobal
