
Microsoft Visual Studio Solution File, Format Version 12.00
# Visual Studio 15
VisualStudioVersion = 15.0.28010.2016
MinimumVisualStudioVersion = 10.0.40219.1
Project("{FAE04EC0-301F-11D3-BF4B-00C04F79EFBC}") = "GetAnswer.WebAPI", "GetAnswer.WebAPI.csproj", "{3885FFA7-4A4A-4623-B721-9467A9153F56}"
EndProject
Project("{2150E333-8FDC-42A3-9474-1A3956D46DE8}") = "SQL", "SQL", "{74A4B210-47A4-41A1-8DA8-C6A62165B43F}"
	ProjectSection(SolutionItems) = preProject
		D:\DB.sql = D:\DB.sql
	EndProjectSection
EndProject
Project("{FAE04EC0-301F-11D3-BF4B-00C04F79EFBC}") = "GetAnswer.Model", "GetAnswer.Model\GetAnswer.Model.csproj", "{B6106D54-7956-4574-8022-58A5BF231959}"
EndProject
Project("{FAE04EC0-301F-11D3-BF4B-00C04F79EFBC}") = "GetAnswer.Repository", "GetAnswer.Repository\GetAnswer.Repository.csproj", "{585A4600-D528-4A7C-A28C-4DC66542E902}"
EndProject
Project("{FAE04EC0-301F-11D3-BF4B-00C04F79EFBC}") = "GetAnswer.Service", "GetAnswer.Service\GetAnswer.Service.csproj", "{815BA19C-E3E0-4FF2-BFCC-A45D22492C9A}"
EndProject
Project("{FAE04EC0-301F-11D3-BF4B-00C04F79EFBC}") = "UtilityLibrary", "UtilityLibrary\UtilityLibrary.csproj", "{14107C96-F398-4D5E-A130-199202DE1F9E}"
EndProject
Project("{FAE04EC0-301F-11D3-BF4B-00C04F79EFBC}") = "GetAnswer.UnitTest", "..\GetAnswer.UnitTest\GetAnswer.UnitTest.csproj", "{C6709148-7F29-4788-A58D-9003425AEEBE}"
EndProject
Global
	GlobalSection(SolutionConfigurationPlatforms) = preSolution
		Debug|Any CPU = Debug|Any CPU
		Release|Any CPU = Release|Any CPU
	EndGlobalSection
	GlobalSection(ProjectConfigurationPlatforms) = postSolution
		{3885FFA7-4A4A-4623-B721-9467A9153F56}.Debug|Any CPU.ActiveCfg = Debug|Any CPU
		{3885FFA7-4A4A-4623-B721-9467A9153F56}.Debug|Any CPU.Build.0 = Debug|Any CPU
		{3885FFA7-4A4A-4623-B721-9467A9153F56}.Release|Any CPU.ActiveCfg = Release|Any CPU
		{3885FFA7-4A4A-4623-B721-9467A9153F56}.Release|Any CPU.Build.0 = Release|Any CPU
		{B6106D54-7956-4574-8022-58A5BF231959}.Debug|Any CPU.ActiveCfg = Debug|Any CPU
		{B6106D54-7956-4574-8022-58A5BF231959}.Debug|Any CPU.Build.0 = Debug|Any CPU
		{B6106D54-7956-4574-8022-58A5BF231959}.Release|Any CPU.ActiveCfg = Release|Any CPU
		{B6106D54-7956-4574-8022-58A5BF231959}.Release|Any CPU.Build.0 = Release|Any CPU
		{585A4600-D528-4A7C-A28C-4DC66542E902}.Debug|Any CPU.ActiveCfg = Debug|Any CPU
		{585A4600-D528-4A7C-A28C-4DC66542E902}.Debug|Any CPU.Build.0 = Debug|Any CPU
		{585A4600-D528-4A7C-A28C-4DC66542E902}.Release|Any CPU.ActiveCfg = Release|Any CPU
		{585A4600-D528-4A7C-A28C-4DC66542E902}.Release|Any CPU.Build.0 = Release|Any CPU
		{815BA19C-E3E0-4FF2-BFCC-A45D22492C9A}.Debug|Any CPU.ActiveCfg = Debug|Any CPU
		{815BA19C-E3E0-4FF2-BFCC-A45D22492C9A}.Debug|Any CPU.Build.0 = Debug|Any CPU
		{815BA19C-E3E0-4FF2-BFCC-A45D22492C9A}.Release|Any CPU.ActiveCfg = Release|Any CPU
		{815BA19C-E3E0-4FF2-BFCC-A45D22492C9A}.Release|Any CPU.Build.0 = Release|Any CPU
		{14107C96-F398-4D5E-A130-199202DE1F9E}.Debug|Any CPU.ActiveCfg = Debug|Any CPU
		{14107C96-F398-4D5E-A130-199202DE1F9E}.Debug|Any CPU.Build.0 = Debug|Any CPU
		{14107C96-F398-4D5E-A130-199202DE1F9E}.Release|Any CPU.ActiveCfg = Release|Any CPU
		{14107C96-F398-4D5E-A130-199202DE1F9E}.Release|Any CPU.Build.0 = Release|Any CPU
		{C6709148-7F29-4788-A58D-9003425AEEBE}.Debug|Any CPU.ActiveCfg = Debug|Any CPU
		{C6709148-7F29-4788-A58D-9003425AEEBE}.Debug|Any CPU.Build.0 = Debug|Any CPU
		{C6709148-7F29-4788-A58D-9003425AEEBE}.Release|Any CPU.ActiveCfg = Release|Any CPU
		{C6709148-7F29-4788-A58D-9003425AEEBE}.Release|Any CPU.Build.0 = Release|Any CPU
	EndGlobalSection
	GlobalSection(SolutionProperties) = preSolution
		HideSolutionNode = FALSE
	EndGlobalSection
	GlobalSection(ExtensibilityGlobals) = postSolution
		SolutionGuid = {11EA9C98-720E-4ACF-93A8-8A3B4EB96BC4}
	EndGlobalSection
EndGlobal
